Microsoft Visual Studio Solution File, Format Version 12.00
# Visual Studio Version 17
VisualStudioVersion = 17.5.33103.201
MinimumVisualStudioVersion = 10.0.40219.1
Project("{2150E333-8FDC-42A3-9474-1A3956D46DE8}") = "CEF", "CEF", "{6FCFDC10-94FE-4FD6-A889-4DFFB6F20A37}"
EndProject
Project("{2150E333-8FDC-42A3-9474-1A3956D46DE8}") = "DataAccessProjects", "DataAccessProjects", "{43EE65C5-A0A6-4A17-8A25-AE70027902DC}"
EndProject
Project("{2150E333-8FDC-42A3-9474-1A3956D46DE8}") = "BusinessRulesProjects", "BusinessRulesProjects", "{D582E992-6335-4667-9C32-9C092F2EA736}"
EndProject
Project("{2150E333-8FDC-42A3-9474-1A3956D46DE8}") = "BusinessFacadeProjects", "BusinessFacadeProjects", "{BB535876-1355-4195-BA66-7A3F955BF330}"
EndProject
Project("{F184B08F-C81C-45F6-A57F-5ABD9991F28F}") = "WebUI", "CEFWebUIProjects_WebUI\WebUI.vbproj", "{3D8BC296-0465-430A-B2FE-57A12A4FC132}"
EndProject
Project("{F184B08F-C81C-45F6-A57F-5ABD9991F28F}") = "DataAccess", "DataAccessProjects\DataAccess\DataAccess.vbproj", "{19458B80-677C-44B9-BA57-E712A04FBDA6}"
EndProject
Project("{F184B08F-C81C-45F6-A57F-5ABD9991F28F}") = "BusinessRules", "BusinessRulesProjects\BusinessRules\BusinessRules.vbproj", "{25494682-212D-4820-AD35-72932F2FEA07}"
EndProject
Project("{F184B08F-C81C-45F6-A57F-5ABD9991F28F}") = "BusinessEntity", "BusinessRulesProjects\BusinessEntity\BusinessEntity.vbproj", "{8EF8AEE9-D3C2-4ACC-922D-64018646BCE3}"
EndProject
Project("{F184B08F-C81C-45F6-A57F-5ABD9991F28F}") = "Common", "BusinessFacadeProjects\Common\Common.vbproj", "{073EC36A-2483-47D8-9242-FC035463FA5C}"
EndProject
Project("{F184B08F-C81C-45F6-A57F-5ABD9991F28F}") = "WebControls", "WebControls\WebControls.vbproj", "{D4A5A806-E68C-4A98-A1FF-A040AA64358B}"
EndProject
Project("{F184B08F-C81C-45F6-A57F-5ABD9991F28F}") = "wsCloudCEF", "wsCloudCEF\wsCloudCEF.vbproj", "{14BE0727-E04D-49F1-A717-F7EC27017589}"
EndProject
Global
	GlobalSection(SolutionConfigurationPlatforms) = preSolution
		Debug|Any CPU = Debug|Any CPU
		Debug|x64 = Debug|x64
		Release|Any CPU = Release|Any CPU
		Release|x64 = Release|x64
	EndGlobalSection
	GlobalSection(ProjectConfigurationPlatforms) = postSolution
		{3D8BC296-0465-430A-B2FE-57A12A4FC132}.Debug|Any CPU.ActiveCfg = Debug|Any CPU
		{3D8BC296-0465-430A-B2FE-57A12A4FC132}.Debug|Any CPU.Build.0 = Debug|Any CPU
		{3D8BC296-0465-430A-B2FE-57A12A4FC132}.Debug|x64.ActiveCfg = Debug|Any CPU
		{3D8BC296-0465-430A-B2FE-57A12A4FC132}.Debug|x64.Build.0 = Debug|Any CPU
		{3D8BC296-0465-430A-B2FE-57A12A4FC132}.Release|Any CPU.ActiveCfg = Release|Any CPU
		{3D8BC296-0465-430A-B2FE-57A12A4FC132}.Release|Any CPU.Build.0 = Release|Any CPU
		{3D8BC296-0465-430A-B2FE-57A12A4FC132}.Release|x64.ActiveCfg = Release|Any CPU
		{3D8BC296-0465-430A-B2FE-57A12A4FC132}.Release|x64.Build.0 = Release|Any CPU
		{19458B80-677C-44B9-BA57-E712A04FBDA6}.Debug|Any CPU.ActiveCfg = Debug|Any CPU
		{19458B80-677C-44B9-BA57-E712A04FBDA6}.Debug|Any CPU.Build.0 = Debug|Any CPU
		{19458B80-677C-44B9-BA57-E712A04FBDA6}.Debug|x64.ActiveCfg = Debug|Any CPU
		{19458B80-677C-44B9-BA57-E712A04FBDA6}.Debug|x64.Build.0 = Debug|Any CPU
		{19458B80-677C-44B9-BA57-E712A04FBDA6}.Release|Any CPU.ActiveCfg = Release|Any CPU
		{19458B80-677C-44B9-BA57-E712A04FBDA6}.Release|Any CPU.Build.0 = Release|Any CPU
		{19458B80-677C-44B9-BA57-E712A04FBDA6}.Release|x64.ActiveCfg = Release|Any CPU
		{19458B80-677C-44B9-BA57-E712A04FBDA6}.Release|x64.Build.0 = Release|Any CPU
		{25494682-212D-4820-AD35-72932F2FEA07}.Debug|Any CPU.ActiveCfg = Debug|Any CPU
		{25494682-212D-4820-AD35-72932F2FEA07}.Debug|Any CPU.Build.0 = Debug|Any CPU
		{25494682-212D-4820-AD35-72932F2FEA07}.Debug|x64.ActiveCfg = Debug|Any CPU
		{25494682-212D-4820-AD35-72932F2FEA07}.Debug|x64.Build.0 = Debug|Any CPU
		{25494682-212D-4820-AD35-72932F2FEA07}.Release|Any CPU.ActiveCfg = Release|Any CPU
		{25494682-212D-4820-AD35-72932F2FEA07}.Release|Any CPU.Build.0 = Release|Any CPU
		{25494682-212D-4820-AD35-72932F2FEA07}.Release|x64.ActiveCfg = Release|Any CPU
		{25494682-212D-4820-AD35-72932F2FEA07}.Release|x64.Build.0 = Release|Any CPU
		{8EF8AEE9-D3C2-4ACC-922D-64018646BCE3}.Debug|Any CPU.ActiveCfg = Debug|Any CPU
		{8EF8AEE9-D3C2-4ACC-922D-64018646BCE3}.Debug|Any CPU.Build.0 = Debug|Any CPU
		{8EF8AEE9-D3C2-4ACC-922D-64018646BCE3}.Debug|x64.ActiveCfg = Debug|Any CPU
		{8EF8AEE9-D3C2-4ACC-922D-64018646BCE3}.Debug|x64.Build.0 = Debug|Any CPU
		{8EF8AEE9-D3C2-4ACC-922D-64018646BCE3}.Release|Any CPU.ActiveCfg = Release|Any CPU
		{8EF8AEE9-D3C2-4ACC-922D-64018646BCE3}.Release|Any CPU.Build.0 = Release|Any CPU
		{8EF8AEE9-D3C2-4ACC-922D-64018646BCE3}.Release|x64.ActiveCfg = Release|x64
		{8EF8AEE9-D3C2-4ACC-922D-64018646BCE3}.Release|x64.Build.0 = Release|x64
		{073EC36A-2483-47D8-9242-FC035463FA5C}.Debug|Any CPU.ActiveCfg = Debug|Any CPU
		{073EC36A-2483-47D8-9242-FC035463FA5C}.Debug|Any CPU.Build.0 = Debug|Any CPU
		{073EC36A-2483-47D8-9242-FC035463FA5C}.Debug|x64.ActiveCfg = Debug|Any CPU
		{073EC36A-2483-47D8-9242-FC035463FA5C}.Debug|x64.Build.0 = Debug|Any CPU
		{073EC36A-2483-47D8-9242-FC035463FA5C}.Release|Any CPU.ActiveCfg = Release|Any CPU
		{073EC36A-2483-47D8-9242-FC035463FA5C}.Release|Any CPU.Build.0 = Release|Any CPU
		{073EC36A-2483-47D8-9242-FC035463FA5C}.Release|x64.ActiveCfg = Release|Any CPU
		{073EC36A-2483-47D8-9242-FC035463FA5C}.Release|x64.Build.0 = Release|Any CPU
		{D4A5A806-E68C-4A98-A1FF-A040AA64358B}.Debug|Any CPU.ActiveCfg = Debug|Any CPU
		{D4A5A806-E68C-4A98-A1FF-A040AA64358B}.Debug|Any CPU.Build.0 = Debug|Any CPU
		{D4A5A806-E68C-4A98-A1FF-A040AA64358B}.Debug|x64.ActiveCfg = Debug|Any CPU
		{D4A5A806-E68C-4A98-A1FF-A040AA64358B}.Debug|x64.Build.0 = Debug|Any CPU
		{D4A5A806-E68C-4A98-A1FF-A040AA64358B}.Release|Any CPU.ActiveCfg = Release|Any CPU
		{D4A5A806-E68C-4A98-A1FF-A040AA64358B}.Release|Any CPU.Build.0 = Release|Any CPU
		{D4A5A806-E68C-4A98-A1FF-A040AA64358B}.Release|x64.ActiveCfg = Release|Any CPU
		{D4A5A806-E68C-4A98-A1FF-A040AA64358B}.Release|x64.Build.0 = Release|Any CPU
		{14BE0727-E04D-49F1-A717-F7EC27017589}.Debug|Any CPU.ActiveCfg = Debug|Any CPU
		{14BE0727-E04D-49F1-A717-F7EC27017589}.Debug|Any CPU.Build.0 = Debug|Any CPU
		{14BE0727-E04D-49F1-A717-F7EC27017589}.Debug|x64.ActiveCfg = Debug|Any CPU
		{14BE0727-E04D-49F1-A717-F7EC27017589}.Debug|x64.Build.0 = Debug|Any CPU
		{14BE0727-E04D-49F1-A717-F7EC27017589}.Release|Any CPU.ActiveCfg = Release|Any CPU
		{14BE0727-E04D-49F1-A717-F7EC27017589}.Release|Any CPU.Build.0 = Release|Any CPU
		{14BE0727-E04D-49F1-A717-F7EC27017589}.Release|x64.ActiveCfg = Release|Any CPU
		{14BE0727-E04D-49F1-A717-F7EC27017589}.Release|x64.Build.0 = Release|Any CPU
	EndGlobalSection
	GlobalSection(SolutionProperties) = preSolution
		HideSolutionNode = FALSE
	EndGlobalSection
	GlobalSection(NestedProjects) = preSolution
		{43EE65C5-A0A6-4A17-8A25-AE70027902DC} = {6FCFDC10-94FE-4FD6-A889-4DFFB6F20A37}
		{D582E992-6335-4667-9C32-9C092F2EA736} = {6FCFDC10-94FE-4FD6-A889-4DFFB6F20A37}
		{BB535876-1355-4195-BA66-7A3F955BF330} = {6FCFDC10-94FE-4FD6-A889-4DFFB6F20A37}
		{3D8BC296-0465-430A-B2FE-57A12A4FC132} = {6FCFDC10-94FE-4FD6-A889-4DFFB6F20A37}
		{19458B80-677C-44B9-BA57-E712A04FBDA6} = {43EE65C5-A0A6-4A17-8A25-AE70027902DC}
		{25494682-212D-4820-AD35-72932F2FEA07} = {D582E992-6335-4667-9C32-9C092F2EA736}
		{8EF8AEE9-D3C2-4ACC-922D-64018646BCE3} = {D582E992-6335-4667-9C32-9C092F2EA736}
		{073EC36A-2483-47D8-9242-FC035463FA5C} = {BB535876-1355-4195-BA66-7A3F955BF330}
		{D4A5A806-E68C-4A98-A1FF-A040AA64358B} = {6FCFDC10-94FE-4FD6-A889-4DFFB6F20A37}
		{14BE0727-E04D-49F1-A717-F7EC27017589} = {6FCFDC10-94FE-4FD6-A889-4DFFB6F20A37}
	EndGlobalSection
EndGlobal
